
Microsoft Visual Studio Solution File, Format Version 12.00
# Visual Studio Version 16
VisualStudioVersion = 16.0.29709.97
MinimumVisualStudioVersion = 10.0.40219.1
Project("{2150E333-8FDC-42A3-9474-1A3956D46DE8}") = "src", "src", "{A11ECCCF-9BF0-4014-9F5A-64110AA7414A}"
EndProject
Project("{2150E333-8FDC-42A3-9474-1A3956D46DE8}") = "test", "test", "{9AD0C034-EDD3-462A-8631-16679592059A}"
EndProject
Project("{9A19103F-16F7-4668-BE54-9A1E7A4F7556}") = "BinaryBox.Terminal", "BinaryBox.Terminal\BinaryBox.Terminal.csproj", "{71E2C0EB-9BBE-4E66-B3F2-5FE3F2DF4CBA}"
EndProject
Project("{9A19103F-16F7-4668-BE54-9A1E7A4F7556}") = "BinaryBox.Core", "BinaryBox\BinaryBox.Core.csproj", "{AB8CDF7B-3EC9-4EE3-B796-18284D125B97}"
EndProject
Project("{9A19103F-16F7-4668-BE54-9A1E7A4F7556}") = "BinaryBox.Tests", "BinaryBox.Tests\BinaryBox.Tests.csproj", "{C3E441B2-ADC5-461D-A725-887DBA689B89}"
EndProject
Project("{9A19103F-16F7-4668-BE54-9A1E7A4F7556}") = "BinaryBox.Connection.Tcp", "BinaryBox.Connection.Tcp\BinaryBox.Connection.Tcp.csproj", "{8EDABE24-355E-4CA8-B00A-B58F6B17E848}"
EndProject
Project("{2150E333-8FDC-42A3-9474-1A3956D46DE8}") = ".solution", ".solution", "{8AC9A536-23CE-4181-B9A4-29FAB005E428}"
	ProjectSection(SolutionItems) = preProject
		..\.gitignore = ..\.gitignore
		..\BinaryBox.svg = ..\BinaryBox.svg
		..\BinaryBox2.svg = ..\BinaryBox2.svg
		..\LICENSE = ..\LICENSE
		..\README.md = ..\README.md
	EndProjectSection
EndProject
Project("{9A19103F-16F7-4668-BE54-9A1E7A4F7556}") = "BinaryBox.Connection.TcpTests", "BinaryBox.Connection.TcpTests\BinaryBox.Connection.TcpTests.csproj", "{398ED87E-D7D4-4627-9E9B-CD7402E2F2F8}"
EndProject
Project("{2150E333-8FDC-42A3-9474-1A3956D46DE8}") = ".github", ".github", "{F5D0DA03-4134-4422-B41C-0126E3E7EE1E}"
EndProject
Project("{2150E333-8FDC-42A3-9474-1A3956D46DE8}") = "workflows", "workflows", "{1E140B8C-E142-436A-8F9C-4881BFDE3E4E}"
	ProjectSection(SolutionItems) = preProject
		..\.github\workflows\dotnetcore.yml = ..\.github\workflows\dotnetcore.yml
	EndProjectSection
EndProject
Project("{FAE04EC0-301F-11D3-BF4B-00C04F79EFBC}") = "BinaryBox.Protocol.Modbus", "BinaryBox.Protocol.Modbus\BinaryBox.Protocol.Modbus.csproj", "{180B8CB7-911E-475B-A784-4362F0D15E54}"
EndProject
Global
	GlobalSection(SolutionConfigurationPlatforms) = preSolution
		Debug|Any CPU = Debug|Any CPU
		Release|Any CPU = Release|Any CPU
	EndGlobalSection
	GlobalSection(ProjectConfigurationPlatforms) = postSolution
		{71E2C0EB-9BBE-4E66-B3F2-5FE3F2DF4CBA}.Debug|Any CPU.ActiveCfg = Debug|Any CPU
		{71E2C0EB-9BBE-4E66-B3F2-5FE3F2DF4CBA}.Debug|Any CPU.Build.0 = Debug|Any CPU
		{71E2C0EB-9BBE-4E66-B3F2-5FE3F2DF4CBA}.Release|Any CPU.ActiveCfg = Release|Any CPU
		{71E2C0EB-9BBE-4E66-B3F2-5FE3F2DF4CBA}.Release|Any CPU.Build.0 = Release|Any CPU
		{AB8CDF7B-3EC9-4EE3-B796-18284D125B97}.Debug|Any CPU.ActiveCfg = Debug|Any CPU
		{AB8CDF7B-3EC9-4EE3-B796-18284D125B97}.Debug|Any CPU.Build.0 = Debug|Any CPU
		{AB8CDF7B-3EC9-4EE3-B796-18284D125B97}.Release|Any CPU.ActiveCfg = Release|Any CPU
		{AB8CDF7B-3EC9-4EE3-B796-18284D125B97}.Release|Any CPU.Build.0 = Release|Any CPU
		{C3E441B2-ADC5-461D-A725-887DBA689B89}.Debug|Any CPU.ActiveCfg = Debug|Any CPU
		{C3E441B2-ADC5-461D-A725-887DBA689B89}.Debug|Any CPU.Build.0 = Debug|Any CPU
		{C3E441B2-ADC5-461D-A725-887DBA689B89}.Release|Any CPU.ActiveCfg = Release|Any CPU
		{C3E441B2-ADC5-461D-A725-887DBA689B89}.Release|Any CPU.Build.0 = Release|Any CPU
		{8EDABE24-355E-4CA8-B00A-B58F6B17E848}.Debug|Any CPU.ActiveCfg = Debug|Any CPU
		{8EDABE24-355E-4CA8-B00A-B58F6B17E848}.Debug|Any CPU.Build.0 = Debug|Any CPU
		{8EDABE24-355E-4CA8-B00A-B58F6B17E848}.Release|Any CPU.ActiveCfg = Release|Any CPU
		{8EDABE24-355E-4CA8-B00A-B58F6B17E848}.Release|Any CPU.Build.0 = Release|Any CPU
		{398ED87E-D7D4-4627-9E9B-CD7402E2F2F8}.Debug|Any CPU.ActiveCfg = Debug|Any CPU
		{398ED87E-D7D4-4627-9E9B-CD7402E2F2F8}.Debug|Any CPU.Build.0 = Debug|Any CPU
		{398ED87E-D7D4-4627-9E9B-CD7402E2F2F8}.Release|Any CPU.ActiveCfg = Release|Any CPU
		{398ED87E-D7D4-4627-9E9B-CD7402E2F2F8}.Release|Any CPU.Build.0 = Release|Any CPU
		{180B8CB7-911E-475B-A784-4362F0D15E54}.Debug|Any CPU.ActiveCfg = Debug|Any CPU
		{180B8CB7-911E-475B-A784-4362F0D15E54}.Debug|Any CPU.Build.0 = Debug|Any CPU
		{180B8CB7-911E-475B-A784-4362F0D15E54}.Release|Any CPU.ActiveCfg = Release|Any CPU
		{180B8CB7-911E-475B-A784-4362F0D15E54}.Release|Any CPU.Build.0 = Release|Any CPU
	EndGlobalSection
	GlobalSection(SolutionProperties) = preSolution
		HideSolutionNode = FALSE
	EndGlobalSection
	GlobalSection(NestedProjects) = preSolution
		{71E2C0EB-9BBE-4E66-B3F2-5FE3F2DF4CBA} = {A11ECCCF-9BF0-4014-9F5A-64110AA7414A}
		{AB8CDF7B-3EC9-4EE3-B796-18284D125B97} = {A11ECCCF-9BF0-4014-9F5A-64110AA7414A}
		{C3E441B2-ADC5-461D-A725-887DBA689B89} = {9AD0C034-EDD3-462A-8631-16679592059A}
		{8EDABE24-355E-4CA8-B00A-B58F6B17E848} = {A11ECCCF-9BF0-4014-9F5A-64110AA7414A}
		{398ED87E-D7D4-4627-9E9B-CD7402E2F2F8} = {9AD0C034-EDD3-462A-8631-16679592059A}
		{1E140B8C-E142-436A-8F9C-4881BFDE3E4E} = {F5D0DA03-4134-4422-B41C-0126E3E7EE1E}
		{180B8CB7-911E-475B-A784-4362F0D15E54} = {A11ECCCF-9BF0-4014-9F5A-64110AA7414A}
	EndGlobalSection
	GlobalSection(ExtensibilityGlobals) = postSolution
		SolutionGuid = {28858F84-FF07-48BA-B32E-D397943590E5}
	EndGlobalSection
EndGlobal
